
Microsoft Visual Studio Solution File, Format Version 12.00
# Visual Studio Version 17
VisualStudioVersion = 17.4.33122.133
MinimumVisualStudioVersion = 10.0.40219.1
Project("{FAE04EC0-301F-11D3-BF4B-00C04F79EFBC}") = "Book", "Book\Book.csproj", "{0320D854-BF03-41F6-8934-FC3809351261}"
EndProject
Global
	GlobalSection(SolutionConfigurationPlatforms) = preSolution
		Debug|Any CPU = Debug|Any CPU
		Release|Any CPU = Release|Any CPU
	EndGlobalSection
	GlobalSection(ProjectConfigurationPlatforms) = postSolution
		{0320D854-BF03-41F6-8934-FC3809351261}.Debug|Any CPU.ActiveCfg = Debug|Any CPU
		{0320D854-BF03-41F6-8934-FC3809351261}.Debug|Any CPU.Build.0 = Debug|Any CPU
		{0320D854-BF03-41F6-8934-FC3809351261}.Release|Any CPU.ActiveCfg = Release|Any CPU
		{0320D854-BF03-41F6-8934-FC3809351261}.Release|Any CPU.Build.0 = Release|Any CPU
	EndGlobalSection
	GlobalSection(SolutionProperties) = preSolution
		HideSolutionNode = FALSE
	EndGlobalSection
	GlobalSection(ExtensibilityGlobals) = postSolution
		SolutionGuid = {B02F03F7-2D37-4230-B06F-29CCD259FAD3}
	EndGlobalSection
EndGlobal
